// !$*UTF8*$!
{
	archiveVersion = 1;
	classes = {
	};
	objectVersion = 56;
	objects = {

/* Begin PBXBuildFile section */
		D10666902B59F69000EFC661 /* SpaceXRocketsApp.swift in Sources */ = {isa = PBXBuildFile; fileRef = D106668F2B59F69000EFC661 /* SpaceXRocketsApp.swift */; };
		D10666942B59F69200EFC661 /* Assets.xcassets in Resources */ = {isa = PBXBuildFile; fileRef = D10666932B59F69200EFC661 /* Assets.xcassets */; };
		D10666972B59F69200EFC661 /* Preview Assets.xcassets in Resources */ = {isa = PBXBuildFile; fileRef = D10666962B59F69200EFC661 /* Preview Assets.xcassets */; };
		D110BF7D2B5B0EEE00ECCC25 /* RocketImage.swift in Sources */ = {isa = PBXBuildFile; fileRef = D110BF7C2B5B0EEE00ECCC25 /* RocketImage.swift */; };
		D110BF7F2B5B14BB00ECCC25 /* RocketsView.swift in Sources */ = {isa = PBXBuildFile; fileRef = D110BF7E2B5B14BB00ECCC25 /* RocketsView.swift */; };
		D110BF812B5CEE7200ECCC25 /* RocketInformationView.swift in Sources */ = {isa = PBXBuildFile; fileRef = D110BF802B5CEE7200ECCC25 /* RocketInformationView.swift */; };
		D110BF842B5CF52800ECCC25 /* RocketInformationCell.swift in Sources */ = {isa = PBXBuildFile; fileRef = D110BF832B5CF52800ECCC25 /* RocketInformationCell.swift */; };
		D110BF862B5DE20900ECCC25 /* RocketInformationLabel.swift in Sources */ = {isa = PBXBuildFile; fileRef = D110BF852B5DE20900ECCC25 /* RocketInformationLabel.swift */; };
		D16FA4562B59FD900064DF40 /* LaunchesView.swift in Sources */ = {isa = PBXBuildFile; fileRef = D16FA4552B59FD900064DF40 /* LaunchesView.swift */; };
		D16FA4592B5A0C3D0064DF40 /* LaunchCell.swift in Sources */ = {isa = PBXBuildFile; fileRef = D16FA4582B5A0C3D0064DF40 /* LaunchCell.swift */; };
		D1CE3D232B6FCA7F00972ADA /* RocketsModel.swift in Sources */ = {isa = PBXBuildFile; fileRef = D1CE3D222B6FCA7F00972ADA /* RocketsModel.swift */; };
		D1CE3D262B6FD62A00972ADA /* RocketsNetworkService.swift in Sources */ = {isa = PBXBuildFile; fileRef = D1CE3D252B6FD62A00972ADA /* RocketsNetworkService.swift */; };
		D1CE3D302B7398EB00972ADA /* RocketsViewModel.swift in Sources */ = {isa = PBXBuildFile; fileRef = D1CE3D2F2B7398EB00972ADA /* RocketsViewModel.swift */; };
		D1F068FC2B94EC8400A86FC7 /* LaunchesModel.swift in Sources */ = {isa = PBXBuildFile; fileRef = D1F068FB2B94EC8400A86FC7 /* LaunchesModel.swift */; };
		D1F068FE2B94F24500A86FC7 /* LaunchesViewModel.swift in Sources */ = {isa = PBXBuildFile; fileRef = D1F068FD2B94F24500A86FC7 /* LaunchesViewModel.swift */; };
		D1F069022B9556E500A86FC7 /* TextFormatter.swift in Sources */ = {isa = PBXBuildFile; fileRef = D1F069012B9556E500A86FC7 /* TextFormatter.swift */; };
		D1F069042B957AD200A86FC7 /* ErrorLaunchCell.swift in Sources */ = {isa = PBXBuildFile; fileRef = D1F069032B957AD200A86FC7 /* ErrorLaunchCell.swift */; };
		D1F069062B958D0000A86FC7 /* ShapeStyle+extension.swift in Sources */ = {isa = PBXBuildFile; fileRef = D1F069052B958D0000A86FC7 /* ShapeStyle+extension.swift */; };
/* End PBXBuildFile section */

/* Begin PBXFileReference section */
		D106668C2B59F69000EFC661 /* SpaceXRockets.app */ = {isa = PBXFileReference; explicitFileType = wrapper.application; includeInIndex = 0; path = SpaceXRockets.app; sourceTree = BUILT_PRODUCTS_DIR; };
		D106668F2B59F69000EFC661 /* SpaceXRocketsApp.swift */ = {isa = PBXFileReference; lastKnownFileType = sourcecode.swift; path = SpaceXRocketsApp.swift; sourceTree = "<group>"; };
		D10666932B59F69200EFC661 /* Assets.xcassets */ = {isa = PBXFileReference; lastKnownFileType = folder.assetcatalog; path = Assets.xcassets; sourceTree = "<group>"; };
		D10666962B59F69200EFC661 /* Preview Assets.xcassets */ = {isa = PBXFileReference; lastKnownFileType = folder.assetcatalog; path = "Preview Assets.xcassets"; sourceTree = "<group>"; };
		D110BF7C2B5B0EEE00ECCC25 /* RocketImage.swift */ = {isa = PBXFileReference; lastKnownFileType = sourcecode.swift; path = RocketImage.swift; sourceTree = "<group>"; };
		D110BF7E2B5B14BB00ECCC25 /* RocketsView.swift */ = {isa = PBXFileReference; lastKnownFileType = sourcecode.swift; path = RocketsView.swift; sourceTree = "<group>"; };
		D110BF802B5CEE7200ECCC25 /* RocketInformationView.swift */ = {isa = PBXFileReference; lastKnownFileType = sourcecode.swift; path = RocketInformationView.swift; sourceTree = "<group>"; };
		D110BF832B5CF52800ECCC25 /* RocketInformationCell.swift */ = {isa = PBXFileReference; lastKnownFileType = sourcecode.swift; path = RocketInformationCell.swift; sourceTree = "<group>"; };
		D110BF852B5DE20900ECCC25 /* RocketInformationLabel.swift */ = {isa = PBXFileReference; lastKnownFileType = sourcecode.swift; path = RocketInformationLabel.swift; sourceTree = "<group>"; };
		D16FA4552B59FD900064DF40 /* LaunchesView.swift */ = {isa = PBXFileReference; lastKnownFileType = sourcecode.swift; path = LaunchesView.swift; sourceTree = "<group>"; };
		D16FA4582B5A0C3D0064DF40 /* LaunchCell.swift */ = {isa = PBXFileReference; lastKnownFileType = sourcecode.swift; path = LaunchCell.swift; sourceTree = "<group>"; };
		D1CE3D222B6FCA7F00972ADA /* RocketsModel.swift */ = {isa = PBXFileReference; lastKnownFileType = sourcecode.swift; path = RocketsModel.swift; sourceTree = "<group>"; };
		D1CE3D252B6FD62A00972ADA /* RocketsNetworkService.swift */ = {isa = PBXFileReference; lastKnownFileType = sourcecode.swift; path = RocketsNetworkService.swift; sourceTree = "<group>"; };
		D1CE3D2F2B7398EB00972ADA /* RocketsViewModel.swift */ = {isa = PBXFileReference; lastKnownFileType = sourcecode.swift; path = RocketsViewModel.swift; sourceTree = "<group>"; };
		D1F068FB2B94EC8400A86FC7 /* LaunchesModel.swift */ = {isa = PBXFileReference; lastKnownFileType = sourcecode.swift; path = LaunchesModel.swift; sourceTree = "<group>"; };
		D1F068FD2B94F24500A86FC7 /* LaunchesViewModel.swift */ = {isa = PBXFileReference; lastKnownFileType = sourcecode.swift; path = LaunchesViewModel.swift; sourceTree = "<group>"; };
		D1F069012B9556E500A86FC7 /* TextFormatter.swift */ = {isa = PBXFileReference; lastKnownFileType = sourcecode.swift; path = TextFormatter.swift; sourceTree = "<group>"; };
		D1F069032B957AD200A86FC7 /* ErrorLaunchCell.swift */ = {isa = PBXFileReference; lastKnownFileType = sourcecode.swift; path = ErrorLaunchCell.swift; sourceTree = "<group>"; };
		D1F069052B958D0000A86FC7 /* ShapeStyle+extension.swift */ = {isa = PBXFileReference; lastKnownFileType = sourcecode.swift; path = "ShapeStyle+extension.swift"; sourceTree = "<group>"; };
/* End PBXFileReference section */

/* Begin PBXFrameworksBuildPhase section */
		D10666892B59F69000EFC661 /* Frameworks */ = {
			isa = PBXFrameworksBuildPhase;
			buildActionMask = 2147483647;
			files = (
			);
			runOnlyForDeploymentPostprocessing = 0;
		};
/* End PBXFrameworksBuildPhase section */

/* Begin PBXGroup section */
		D10666832B59F69000EFC661 = {
			isa = PBXGroup;
			children = (
				D106668E2B59F69000EFC661 /* SpaceXRockets */,
				D106668D2B59F69000EFC661 /* Products */,
			);
			sourceTree = "<group>";
		};
		D106668D2B59F69000EFC661 /* Products */ = {
			isa = PBXGroup;
			children = (
				D106668C2B59F69000EFC661 /* SpaceXRockets.app */,
			);
			name = Products;
			sourceTree = "<group>";
		};
		D106668E2B59F69000EFC661 /* SpaceXRockets */ = {
			isa = PBXGroup;
			children = (
				D1F069002B9556BE00A86FC7 /* Helpers */,
				D1CE3D242B6FD55200972ADA /* Services */,
				D16FA4542B59FD510064DF40 /* Rockets */,
				D16FA4532B59FD330064DF40 /* Settings */,
				D16FA4522B59FC970064DF40 /* Launches */,
				D106668F2B59F69000EFC661 /* SpaceXRocketsApp.swift */,
				D10666932B59F69200EFC661 /* Assets.xcassets */,
				D10666952B59F69200EFC661 /* Preview Content */,
			);
			path = SpaceXRockets;
			sourceTree = "<group>";
		};
		D10666952B59F69200EFC661 /* Preview Content */ = {
			isa = PBXGroup;
			children = (
				D10666962B59F69200EFC661 /* Preview Assets.xcassets */,
			);
			path = "Preview Content";
			sourceTree = "<group>";
		};
		D110BF822B5CEE9400ECCC25 /* View */ = {
			isa = PBXGroup;
			children = (
				D1CE3D2E2B73988F00972ADA /* RocketInformation */,
				D110BF7E2B5B14BB00ECCC25 /* RocketsView.swift */,
			);
			path = View;
			sourceTree = "<group>";
		};
		D16FA4522B59FC970064DF40 /* Launches */ = {
			isa = PBXGroup;
			children = (
				D1F068FA2B94EC6700A86FC7 /* ViewModel */,
				D1F068F92B94EC5D00A86FC7 /* Model */,
				D16FA4572B5A0C0F0064DF40 /* View */,
			);
			path = Launches;
			sourceTree = "<group>";
		};
		D16FA4532B59FD330064DF40 /* Settings */ = {
			isa = PBXGroup;
			children = (
			);
			path = Settings;
			sourceTree = "<group>";
		};
		D16FA4542B59FD510064DF40 /* Rockets */ = {
			isa = PBXGroup;
			children = (
				D1CE3D2D2B73983300972ADA /* ViewModel */,
				D1CE3D212B6FCA6100972ADA /* Model */,
				D110BF822B5CEE9400ECCC25 /* View */,
			);
			path = Rockets;
			sourceTree = "<group>";
		};
		D16FA4572B5A0C0F0064DF40 /* View */ = {
			isa = PBXGroup;
			children = (
				D1F068FF2B94F83600A86FC7 /* LaunchInformation */,
				D16FA4552B59FD900064DF40 /* LaunchesView.swift */,
			);
			path = View;
			sourceTree = "<group>";
		};
		D1CE3D212B6FCA6100972ADA /* Model */ = {
			isa = PBXGroup;
			children = (
				D1CE3D222B6FCA7F00972ADA /* RocketsModel.swift */,
			);
			path = Model;
			sourceTree = "<group>";
		};
		D1CE3D242B6FD55200972ADA /* Services */ = {
			isa = PBXGroup;
			children = (
				D1CE3D252B6FD62A00972ADA /* RocketsNetworkService.swift */,
			);
			path = Services;
			sourceTree = "<group>";
		};
		D1CE3D2D2B73983300972ADA /* ViewModel */ = {
			isa = PBXGroup;
			children = (
				D1CE3D2F2B7398EB00972ADA /* RocketsViewModel.swift */,
			);
			path = ViewModel;
			sourceTree = "<group>";
		};
		D1CE3D2E2B73988F00972ADA /* RocketInformation */ = {
			isa = PBXGroup;
			children = (
				D110BF852B5DE20900ECCC25 /* RocketInformationLabel.swift */,
				D110BF832B5CF52800ECCC25 /* RocketInformationCell.swift */,
				D110BF802B5CEE7200ECCC25 /* RocketInformationView.swift */,
			);
			path = RocketInformation;
			sourceTree = "<group>";
		};
		D1F068F92B94EC5D00A86FC7 /* Model */ = {
			isa = PBXGroup;
			children = (
				D1F068FB2B94EC8400A86FC7 /* LaunchesModel.swift */,
			);
			path = Model;
			sourceTree = "<group>";
		};
		D1F068FA2B94EC6700A86FC7 /* ViewModel */ = {
			isa = PBXGroup;
			children = (
				D1F068FD2B94F24500A86FC7 /* LaunchesViewModel.swift */,
			);
			path = ViewModel;
			sourceTree = "<group>";
		};
		D1F068FF2B94F83600A86FC7 /* LaunchInformation */ = {
			isa = PBXGroup;
			children = (
				D110BF7C2B5B0EEE00ECCC25 /* RocketImage.swift */,
				D16FA4582B5A0C3D0064DF40 /* LaunchCell.swift */,
				D1F069032B957AD200A86FC7 /* ErrorLaunchCell.swift */,
			);
			path = LaunchInformation;
			sourceTree = "<group>";
		};
		D1F069002B9556BE00A86FC7 /* Helpers */ = {
			isa = PBXGroup;
			children = (
				D1F069012B9556E500A86FC7 /* TextFormatter.swift */,
				D1F069052B958D0000A86FC7 /* ShapeStyle+extension.swift */,
			);
			path = Helpers;
			sourceTree = "<group>";
		};
/* End PBXGroup section */

/* Begin PBXNativeTarget section */
		D106668B2B59F69000EFC661 /* SpaceXRockets */ = {
			isa = PBXNativeTarget;
			buildConfigurationList = D106669A2B59F69200EFC661 /* Build configuration list for PBXNativeTarget "SpaceXRockets" */;
			buildPhases = (
				D10666882B59F69000EFC661 /* Sources */,
				D10666892B59F69000EFC661 /* Frameworks */,
				D106668A2B59F69000EFC661 /* Resources */,
			);
			buildRules = (
			);
			dependencies = (
			);
			name = SpaceXRockets;
			productName = SpaceXRockets;
			productReference = D106668C2B59F69000EFC661 /* SpaceXRockets.app */;
			productType = "com.apple.product-type.application";
		};
/* End PBXNativeTarget section */

/* Begin PBXProject section */
		D10666842B59F69000EFC661 /* Project object */ = {
			isa = PBXProject;
			attributes = {
				BuildIndependentTargetsInParallel = 1;
				LastSwiftUpdateCheck = 1520;
				LastUpgradeCheck = 1520;
				TargetAttributes = {
					D106668B2B59F69000EFC661 = {
						CreatedOnToolsVersion = 15.2;
					};
				};
			};
			buildConfigurationList = D10666872B59F69000EFC661 /* Build configuration list for PBXProject "SpaceXRockets" */;
			compatibilityVersion = "Xcode 14.0";
			developmentRegion = en;
			hasScannedForEncodings = 0;
			knownRegions = (
				en,
				Base,
			);
			mainGroup = D10666832B59F69000EFC661;
			productRefGroup = D106668D2B59F69000EFC661 /* Products */;
			projectDirPath = "";
			projectRoot = "";
			targets = (
				D106668B2B59F69000EFC661 /* SpaceXRockets */,
			);
		};
/* End PBXProject section */

/* Begin PBXResourcesBuildPhase section */
		D106668A2B59F69000EFC661 /* Resources */ = {
			isa = PBXResourcesBuildPhase;
			buildActionMask = 2147483647;
			files = (
				D10666972B59F69200EFC661 /* Preview Assets.xcassets in Resources */,
				D10666942B59F69200EFC661 /* Assets.xcassets in Resources */,
			);
			runOnlyForDeploymentPostprocessing = 0;
		};
/* End PBXResourcesBuildPhase section */

/* Begin PBXSourcesBuildPhase section */
		D10666882B59F69000EFC661 /* Sources */ = {
			isa = PBXSourcesBuildPhase;
			buildActionMask = 2147483647;
			files = (
				D110BF7D2B5B0EEE00ECCC25 /* RocketImage.swift in Sources */,
				D110BF862B5DE20900ECCC25 /* RocketInformationLabel.swift in Sources */,
				D1F068FC2B94EC8400A86FC7 /* LaunchesModel.swift in Sources */,
				D16FA4562B59FD900064DF40 /* LaunchesView.swift in Sources */,
				D1CE3D302B7398EB00972ADA /* RocketsViewModel.swift in Sources */,
				D1CE3D232B6FCA7F00972ADA /* RocketsModel.swift in Sources */,
				D1CE3D262B6FD62A00972ADA /* RocketsNetworkService.swift in Sources */,
				D1F069042B957AD200A86FC7 /* ErrorLaunchCell.swift in Sources */,
				D1F068FE2B94F24500A86FC7 /* LaunchesViewModel.swift in Sources */,
				D16FA4592B5A0C3D0064DF40 /* LaunchCell.swift in Sources */,
				D110BF842B5CF52800ECCC25 /* RocketInformationCell.swift in Sources */,
				D110BF7F2B5B14BB00ECCC25 /* RocketsView.swift in Sources */,
				D1F069022B9556E500A86FC7 /* TextFormatter.swift in Sources */,
				D10666902B59F69000EFC661 /* SpaceXRocketsApp.swift in Sources */,
				D110BF812B5CEE7200ECCC25 /* RocketInformationView.swift in Sources */,
				D1F069062B958D0000A86FC7 /* ShapeStyle+extension.swift in Sources */,
			);
			runOnlyForDeploymentPostprocessing = 0;
		};
/* End PBXSourcesBuildPhase section */

/* Begin XCBuildConfiguration section */
		D10666982B59F69200EFC661 /* Debug */ = {
			isa = XCBuildConfiguration;
			buildSettings = {
				ALWAYS_SEARCH_USER_PATHS = NO;
				ASSETCATALOG_COMPILER_GENERATE_SWIFT_ASSET_SYMBOL_EXTENSIONS = YES;
				CLANG_ANALYZER_NONNULL = YES;
				CLANG_ANALYZER_NUMBER_OBJECT_CONVERSION = YES_AGGRESSIVE;
				CLANG_CXX_LANGUAGE_STANDARD = "gnu++20";
				CLANG_ENABLE_MODULES = YES;
				CLANG_ENABLE_OBJC_ARC = YES;
				CLANG_ENABLE_OBJC_WEAK = YES;
				CLANG_WARN_BLOCK_CAPTURE_AUTORELEASING = YES;
				CLANG_WARN_BOOL_CONVERSION = YES;
				CLANG_WARN_COMMA = YES;
				CLANG_WARN_CONSTANT_CONVERSION = YES;
				CLANG_WARN_DEPRECATED_OBJC_IMPLEMENTATIONS = YES;
				CLANG_WARN_DIRECT_OBJC_ISA_USAGE = YES_ERROR;
				CLANG_WARN_DOCUMENTATION_COMMENTS = YES;
				CLANG_WARN_EMPTY_BODY = YES;
				CLANG_WARN_ENUM_CONVERSION = YES;
				CLANG_WARN_INFINITE_RECURSION = YES;
				CLANG_WARN_INT_CONVERSION = YES;
				CLANG_WARN_NON_LITERAL_NULL_CONVERSION = YES;
				CLANG_WARN_OBJC_IMPLICIT_RETAIN_SELF = YES;
				CLANG_WARN_OBJC_LITERAL_CONVERSION = YES;
				CLANG_WARN_OBJC_ROOT_CLASS = YES_ERROR;
				CLANG_WARN_QUOTED_INCLUDE_IN_FRAMEWORK_HEADER = YES;
				CLANG_WARN_RANGE_LOOP_ANALYSIS = YES;
				CLANG_WARN_STRICT_PROTOTYPES = YES;
				CLANG_WARN_SUSPICIOUS_MOVE = YES;
				CLANG_WARN_UNGUARDED_AVAILABILITY = YES_AGGRESSIVE;
				CLANG_WARN_UNREACHABLE_CODE = YES;
				CLANG_WARN__DUPLICATE_METHOD_MATCH = YES;
				COPY_PHASE_STRIP = NO;
				DEBUG_INFORMATION_FORMAT = dwarf;
				ENABLE_STRICT_OBJC_MSGSEND = YES;
				ENABLE_TESTABILITY = YES;
				ENABLE_USER_SCRIPT_SANDBOXING = YES;
				GCC_C_LANGUAGE_STANDARD = gnu17;
				GCC_DYNAMIC_NO_PIC = NO;
				GCC_NO_COMMON_BLOCKS = YES;
				GCC_OPTIMIZATION_LEVEL = 0;
				GCC_PREPROCESSOR_DEFINITIONS = (
					"DEBUG=1",
					"$(inherited)",
				);
				GCC_WARN_64_TO_32_BIT_CONVERSION = YES;
				GCC_WARN_ABOUT_RETURN_TYPE = YES_ERROR;
				GCC_WARN_UNDECLARED_SELECTOR = YES;
				GCC_WARN_UNINITIALIZED_AUTOS = YES_AGGRESSIVE;
				GCC_WARN_UNUSED_FUNCTION = YES;
				GCC_WARN_UNUSED_VARIABLE = YES;
				IPHONEOS_DEPLOYMENT_TARGET = 17.2;
				LOCALIZATION_PREFERS_STRING_CATALOGS = YES;
				MTL_ENABLE_DEBUG_INFO = INCLUDE_SOURCE;
				MTL_FAST_MATH = YES;
				ONLY_ACTIVE_ARCH = YES;
				SDKROOT = iphoneos;
				SWIFT_ACTIVE_COMPILATION_CONDITIONS = "DEBUG $(inherited)";
				SWIFT_OPTIMIZATION_LEVEL = "-Onone";
			};
			name = Debug;
		};
		D10666992B59F69200EFC661 /* Release */ = {
			isa = XCBuildConfiguration;
			buildSettings = {
				ALWAYS_SEARCH_USER_PATHS = NO;
				ASSETCATALOG_COMPILER_GENERATE_SWIFT_ASSET_SYMBOL_EXTENSIONS = YES;
				CLANG_ANALYZER_NONNULL = YES;
				CLANG_ANALYZER_NUMBER_OBJECT_CONVERSION = YES_AGGRESSIVE;
				CLANG_CXX_LANGUAGE_STANDARD = "gnu++20";
				CLANG_ENABLE_MODULES = YES;
				CLANG_ENABLE_OBJC_ARC = YES;
				CLANG_ENABLE_OBJC_WEAK = YES;
				CLANG_WARN_BLOCK_CAPTURE_AUTORELEASING = YES;
				CLANG_WARN_BOOL_CONVERSION = YES;
				CLANG_WARN_COMMA = YES;
				CLANG_WARN_CONSTANT_CONVERSION = YES;
				CLANG_WARN_DEPRECATED_OBJC_IMPLEMENTATIONS = YES;
				CLANG_WARN_DIRECT_OBJC_ISA_USAGE = YES_ERROR;
				CLANG_WARN_DOCUMENTATION_COMMENTS = YES;
				CLANG_WARN_EMPTY_BODY = YES;
				CLANG_WARN_ENUM_CONVERSION = YES;
				CLANG_WARN_INFINITE_RECURSION = YES;
				CLANG_WARN_INT_CONVERSION = YES;
				CLANG_WARN_NON_LITERAL_NULL_CONVERSION = YES;
				CLANG_WARN_OBJC_IMPLICIT_RETAIN_SELF = YES;
				CLANG_WARN_OBJC_LITERAL_CONVERSION = YES;
				CLANG_WARN_OBJC_ROOT_CLASS = YES_ERROR;
				CLANG_WARN_QUOTED_INCLUDE_IN_FRAMEWORK_HEADER = YES;
				CLANG_WARN_RANGE_LOOP_ANALYSIS = YES;
				CLANG_WARN_STRICT_PROTOTYPES = YES;
				CLANG_WARN_SUSPICIOUS_MOVE = YES;
				CLANG_WARN_UNGUARDED_AVAILABILITY = YES_AGGRESSIVE;
				CLANG_WARN_UNREACHABLE_CODE = YES;
				CLANG_WARN__DUPLICATE_METHOD_MATCH = YES;
				COPY_PHASE_STRIP = NO;
				DEBUG_INFORMATION_FORMAT = "dwarf-with-dsym";
				ENABLE_NS_ASSERTIONS = NO;
				ENABLE_STRICT_OBJC_MSGSEND = YES;
				ENABLE_USER_SCRIPT_SANDBOXING = YES;
				GCC_C_LANGUAGE_STANDARD = gnu17;
				GCC_NO_COMMON_BLOCKS = YES;
				GCC_WARN_64_TO_32_BIT_CONVERSION = YES;
				GCC_WARN_ABOUT_RETURN_TYPE = YES_ERROR;
				GCC_WARN_UNDECLARED_SELECTOR = YES;
				GCC_WARN_UNINITIALIZED_AUTOS = YES_AGGRESSIVE;
				GCC_WARN_UNUSED_FUNCTION = YES;
				GCC_WARN_UNUSED_VARIABLE = YES;
				IPHONEOS_DEPLOYMENT_TARGET = 17.2;
				LOCALIZATION_PREFERS_STRING_CATALOGS = YES;
				MTL_ENABLE_DEBUG_INFO = NO;
				MTL_FAST_MATH = YES;
				SDKROOT = iphoneos;
				SWIFT_COMPILATION_MODE = wholemodule;
				VALIDATE_PRODUCT = YES;
			};
			name = Release;
		};
		D106669B2B59F69200EFC661 /* Debug */ = {
			isa = XCBuildConfiguration;
			buildSettings = {
				ASSETCATALOG_COMPILER_APPICON_NAME = AppIcon;
				ASSETCATALOG_COMPILER_GLOBAL_ACCENT_COLOR_NAME = AccentColor;
				CODE_SIGN_STYLE = Automatic;
				CURRENT_PROJECT_VERSION = 1;
				DEVELOPMENT_ASSET_PATHS = "\"SpaceXRockets/Preview Content\"";
				DEVELOPMENT_TEAM = GNP4Z7XPRG;
				ENABLE_PREVIEWS = YES;
				GENERATE_INFOPLIST_FILE = YES;
				INFOPLIST_KEY_UIApplicationSceneManifest_Generation = YES;
				INFOPLIST_KEY_UIApplicationSupportsIndirectInputEvents = YES;
				INFOPLIST_KEY_UILaunchScreen_Generation = YES;
				INFOPLIST_KEY_UISupportedInterfaceOrientations_iPad = "UIInterfaceOrientationPortrait UIInterfaceOrientationPortraitUpsideDown UIInterfaceOrientationLandscapeLeft UIInterfaceOrientationLandscapeRight";
				INFOPLIST_KEY_UISupportedInterfaceOrientations_iPhone = "UIInterfaceOrientationPortrait UIInterfaceOrientationLandscapeLeft UIInterfaceOrientationLandscapeRight";
				LD_RUNPATH_SEARCH_PATHS = (
					"$(inherited)",
					"@executable_path/Frameworks",
				);
				MARKETING_VERSION = 1.0;
				PRODUCT_BUNDLE_IDENTIFIER = LoginovDmitry.SpaceXRockets;
				PRODUCT_NAME = "$(TARGET_NAME)";
				SWIFT_EMIT_LOC_STRINGS = YES;
				SWIFT_VERSION = 5.0;
				TARGETED_DEVICE_FAMILY = "1,2";
			};
			name = Debug;
		};
		D106669C2B59F69200EFC661 /* Release */ = {
			isa = XCBuildConfiguration;
			buildSettings = {
				ASSETCATALOG_COMPILER_APPICON_NAME = AppIcon;
				ASSETCATALOG_COMPILER_GLOBAL_ACCENT_COLOR_NAME = AccentColor;
				CODE_SIGN_STYLE = Automatic;
				CURRENT_PROJECT_VERSION = 1;
				DEVELOPMENT_ASSET_PATHS = "\"SpaceXRockets/Preview Content\"";
				DEVELOPMENT_TEAM = GNP4Z7XPRG;
				ENABLE_PREVIEWS = YES;
				GENERATE_INFOPLIST_FILE = YES;
				INFOPLIST_KEY_UIApplicationSceneManifest_Generation = YES;
				INFOPLIST_KEY_UIApplicationSupportsIndirectInputEvents = YES;
				INFOPLIST_KEY_UILaunchScreen_Generation = YES;
				INFOPLIST_KEY_UISupportedInterfaceOrientations_iPad = "UIInterfaceOrientationPortrait UIInterfaceOrientationPortraitUpsideDown UIInterfaceOrientationLandscapeLeft UIInterfaceOrientationLandscapeRight";
				INFOPLIST_KEY_UISupportedInterfaceOrientations_iPhone = "UIInterfaceOrientationPortrait UIInterfaceOrientationLandscapeLeft UIInterfaceOrientationLandscapeRight";
				LD_RUNPATH_SEARCH_PATHS = (
					"$(inherited)",
					"@executable_path/Frameworks",
				);
				MARKETING_VERSION = 1.0;
				PRODUCT_BUNDLE_IDENTIFIER = LoginovDmitry.SpaceXRockets;
				PRODUCT_NAME = "$(TARGET_NAME)";
				SWIFT_EMIT_LOC_STRINGS = YES;
				SWIFT_VERSION = 5.0;
				TARGETED_DEVICE_FAMILY = "1,2";
			};
			name = Release;
		};
/* End XCBuildConfiguration section */

/* Begin XCConfigurationList section */
		D10666872B59F69000EFC661 /* Build configuration list for PBXProject "SpaceXRockets" */ = {
			isa = XCConfigurationList;
			buildConfigurations = (
				D10666982B59F69200EFC661 /* Debug */,
				D10666992B59F69200EFC661 /* Release */,
			);
			defaultConfigurationIsVisible = 0;
			defaultConfigurationName = Release;
		};
		D106669A2B59F69200EFC661 /* Build configuration list for PBXNativeTarget "SpaceXRockets" */ = {
			isa = XCConfigurationList;
			buildConfigurations = (
				D106669B2B59F69200EFC661 /* Debug */,
				D106669C2B59F69200EFC661 /* Release */,
			);
			defaultConfigurationIsVisible = 0;
			defaultConfigurationName = Release;
		};
/* End XCConfigurationList section */
	};
	rootObject = D10666842B59F69000EFC661 /* Project object */;
}
